
Microsoft Visual Studio Solution File, Format Version 12.00
# Visual Studio Version 16
VisualStudioVersion = 16.0.30804.86
MinimumVisualStudioVersion = 10.0.40219.1
Project("{9A19103F-16F7-4668-BE54-9A1E7A4F7556}") = "phonebook", "phonebook.csproj", "{0A809BE9-A4E3-4ABF-BC1D-BA964D9C4C45}"
EndProject
Project("{9A19103F-16F7-4668-BE54-9A1E7A4F7556}") = "dataaccess", "dataaccess\dataaccess.csproj", "{3A8E627C-C081-4C02-9D15-3B1A3FDCB20C}"
EndProject
Project("{9A19103F-16F7-4668-BE54-9A1E7A4F7556}") = "common.infrastructure", "common.infrastructure\common.infrastructure.csproj", "{7110B6D0-BDA1-461E-B70D-C210DEAB4E95}"
EndProject
Global
	GlobalSection(SolutionConfigurationPlatforms) = preSolution
		Debug|Any CPU = Debug|Any CPU
		Release|Any CPU = Release|Any CPU
	EndGlobalSection
	GlobalSection(ProjectConfigurationPlatforms) = postSolution
		{0A809BE9-A4E3-4ABF-BC1D-BA964D9C4C45}.Debug|Any CPU.ActiveCfg = Debug|Any CPU
		{0A809BE9-A4E3-4ABF-BC1D-BA964D9C4C45}.Debug|Any CPU.Build.0 = Debug|Any CPU
		{0A809BE9-A4E3-4ABF-BC1D-BA964D9C4C45}.Release|Any CPU.ActiveCfg = Release|Any CPU
		{0A809BE9-A4E3-4ABF-BC1D-BA964D9C4C45}.Release|Any CPU.Build.0 = Release|Any CPU
		{3A8E627C-C081-4C02-9D15-3B1A3FDCB20C}.Debug|Any CPU.ActiveCfg = Debug|Any CPU
		{3A8E627C-C081-4C02-9D15-3B1A3FDCB20C}.Debug|Any CPU.Build.0 = Debug|Any CPU
		{3A8E627C-C081-4C02-9D15-3B1A3FDCB20C}.Release|Any CPU.ActiveCfg = Release|Any CPU
		{3A8E627C-C081-4C02-9D15-3B1A3FDCB20C}.Release|Any CPU.Build.0 = Release|Any CPU
		{7110B6D0-BDA1-461E-B70D-C210DEAB4E95}.Debug|Any CPU.ActiveCfg = Debug|Any CPU
		{7110B6D0-BDA1-461E-B70D-C210DEAB4E95}.Debug|Any CPU.Build.0 = Debug|Any CPU
		{7110B6D0-BDA1-461E-B70D-C210DEAB4E95}.Release|Any CPU.ActiveCfg = Release|Any CPU
		{7110B6D0-BDA1-461E-B70D-C210DEAB4E95}.Release|Any CPU.Build.0 = Release|Any CPU
	EndGlobalSection
	GlobalSection(SolutionProperties) = preSolution
		HideSolutionNode = FALSE
	EndGlobalSection
	GlobalSection(ExtensibilityGlobals) = postSolution
		SolutionGuid = {E2B44B3C-880A-4D40-BF04-DCE33C1F17D6}
	EndGlobalSection
EndGlobal
